{
  "name": "iw4madmin-api",
  "version": "0.0.3",
  "lockfileVersion": 1,
  "requires": true,
  "dependencies": {
    "axios": {
      "version": "0.21.1",
      "resolved": "https://registry.npmjs.org/axios/-/axios-0.21.1.tgz",
      "integrity": "sha512-dKQiRHxGD9PPRIUNIWvZhPTPpl1rf/OxTYKsqKUDjBwYylTvV7SjSHJb9ratfyzM6wCdLCOYLzs73qpg5c4iGA==",
      "requires": {
        "follow-redirects": "^1.10.0"
      }
    },
    "bluebird": {
      "version": "2.11.0",
      "resolved": "https://registry.npmjs.org/bluebird/-/bluebird-2.11.0.tgz",
      "integrity": "sha1-U0uQM8AiyVecVro7Plpcqvu2UOE="
    },
    "follow-redirects": {
      "version": "1.14.7",
      "resolved": "https://registry.npmjs.org/follow-redirects/-/follow-redirects-1.14.7.tgz",
      "integrity": "sha512-+hbxoLbFMbRKDwohX8GkTataGqO6Jb7jGwpAlwgy2bIz25XtRm7KEzJM76R1WiNT5SwZkX4Y75SwBolkpmE7iQ=="
    },
    "node-http-ping": {
      "version": "0.3.1",
      "resolved": "https://registry.npmjs.org/node-http-ping/-/node-http-ping-0.3.1.tgz",
      "integrity": "sha512-4q295gTtUXhFYp3CRMsmUWAXwHoB0oKEz3czmO9ZueWDcTcS3sX4I8L5zvdiXRrZpCMhb/TBaY9I27Gi7/Pa1Q==",
      "requires": {
        "bluebird": "^2.9.14"
      }
    }
  }
}
